// !$*UTF8*$!
{
	archiveVersion = 1;
	classes = {
	};
	objectVersion = 50;
	objects = {

/* Begin PBXBuildFile section */
		AC0FD67A243BCF1500354547 /* NewYorkSmall-Regular.otf in Resources */ = {isa = PBXBuildFile; fileRef = AC0FD677243BCF1500354547 /* NewYorkSmall-Regular.otf */; };
		AC0FD67B243BCF1500354547 /* NewYorkExtraLarge-Regular.otf in Resources */ = {isa = PBXBuildFile; fileRef = AC0FD678243BCF1500354547 /* NewYorkExtraLarge-Regular.otf */; };
		AC0FD67C243BCF1500354547 /* NewYorkMedium-Regular.otf in Resources */ = {isa = PBXBuildFile; fileRef = AC0FD679243BCF1500354547 /* NewYorkMedium-Regular.otf */; };
		AC614812243BC59B003223BA /* AppDelegate.swift in Sources */ = {isa = PBXBuildFile; fileRef = AC614811243BC59B003223BA /* AppDelegate.swift */; };
		AC614814243BC59B003223BA /* SceneDelegate.swift in Sources */ = {isa = PBXBuildFile; fileRef = AC614813243BC59B003223BA /* SceneDelegate.swift */; };
		AC614816243BC59B003223BA /* ViewController.swift in Sources */ = {isa = PBXBuildFile; fileRef = AC614815243BC59B003223BA /* ViewController.swift */; };
		AC614819243BC59B003223BA /* Main.storyboard in Resources */ = {isa = PBXBuildFile; fileRef = AC614817243BC59B003223BA /* Main.storyboard */; };
		AC61481B243BC59E003223BA /* Assets.xcassets in Resources */ = {isa = PBXBuildFile; fileRef = AC61481A243BC59E003223BA /* Assets.xcassets */; };
		AC61481E243BC59E003223BA /* LaunchScreen.storyboard in Resources */ = {isa = PBXBuildFile; fileRef = AC61481C243BC59E003223BA /* LaunchScreen.storyboard */; };
		AC61482A243BC7DE003223BA /* StyleGuide.swift in Sources */ = {isa = PBXBuildFile; fileRef = AC614829243BC7DE003223BA /* StyleGuide.swift */; };
		AC61482C243BC83E003223BA /* Colors.xcassets in Resources */ = {isa = PBXBuildFile; fileRef = AC61482B243BC83E003223BA /* Colors.xcassets */; };
/* End PBXBuildFile section */

/* Begin PBXFileReference section */
		AC0FD677243BCF1500354547 /* NewYorkSmall-Regular.otf */ = {isa = PBXFileReference; lastKnownFileType = file; name = "NewYorkSmall-Regular.otf"; path = "../../../../../../../../../../../../../../Library/Fonts/NewYorkSmall-Regular.otf"; sourceTree = "<group>"; };
		AC0FD678243BCF1500354547 /* NewYorkExtraLarge-Regular.otf */ = {isa = PBXFileReference; lastKnownFileType = file; name = "NewYorkExtraLarge-Regular.otf"; path = "../../../../../../../../../../../../../../Library/Fonts/NewYorkExtraLarge-Regular.otf"; sourceTree = "<group>"; };
		AC0FD679243BCF1500354547 /* NewYorkMedium-Regular.otf */ = {isa = PBXFileReference; lastKnownFileType = file; name = "NewYorkMedium-Regular.otf"; path = "../../../../../../../../../../../../../../Library/Fonts/NewYorkMedium-Regular.otf"; sourceTree = "<group>"; };
		AC61480E243BC59B003223BA /* WOWS_TipCalculator.app */ = {isa = PBXFileReference; explicitFileType = wrapper.application; includeInIndex = 0; path = WOWS_TipCalculator.app; sourceTree = BUILT_PRODUCTS_DIR; };
		AC614811243BC59B003223BA /* AppDelegate.swift */ = {isa = PBXFileReference; lastKnownFileType = sourcecode.swift; path = AppDelegate.swift; sourceTree = "<group>"; };
		AC614813243BC59B003223BA /* SceneDelegate.swift */ = {isa = PBXFileReference; lastKnownFileType = sourcecode.swift; path = SceneDelegate.swift; sourceTree = "<group>"; };
		AC614815243BC59B003223BA /* ViewController.swift */ = {isa = PBXFileReference; lastKnownFileType = sourcecode.swift; path = ViewController.swift; sourceTree = "<group>"; };
		AC614818243BC59B003223BA /* Base */ = {isa = PBXFileReference; lastKnownFileType = file.storyboard; name = Base; path = Base.lproj/Main.storyboard; sourceTree = "<group>"; };
		AC61481A243BC59E003223BA /* Assets.xcassets */ = {isa = PBXFileReference; lastKnownFileType = folder.assetcatalog; path = Assets.xcassets; sourceTree = "<group>"; };
		AC61481D243BC59E003223BA /* Base */ = {isa = PBXFileReference; lastKnownFileType = file.storyboard; name = Base; path = Base.lproj/LaunchScreen.storyboard; sourceTree = "<group>"; };
		AC61481F243BC59E003223BA /* Info.plist */ = {isa = PBXFileReference; lastKnownFileType = text.plist.xml; path = Info.plist; sourceTree = "<group>"; };
		AC614829243BC7DE003223BA /* StyleGuide.swift */ = {isa = PBXFileReference; lastKnownFileType = sourcecode.swift; path = StyleGuide.swift; sourceTree = "<group>"; };
		AC61482B243BC83E003223BA /* Colors.xcassets */ = {isa = PBXFileReference; lastKnownFileType = folder.assetcatalog; path = Colors.xcassets; sourceTree = "<group>"; };
/* End PBXFileReference section */

/* Begin PBXFrameworksBuildPhase section */
		AC61480B243BC59B003223BA /* Frameworks */ = {
			isa = PBXFrameworksBuildPhase;
			buildActionMask = 2147483647;
			files = (
			);
			runOnlyForDeploymentPostprocessing = 0;
		};
/* End PBXFrameworksBuildPhase section */

/* Begin PBXGroup section */
		AC0FD676243BCCF800354547 /* fonts */ = {
			isa = PBXGroup;
			children = (
				AC0FD678243BCF1500354547 /* NewYorkExtraLarge-Regular.otf */,
				AC0FD679243BCF1500354547 /* NewYorkMedium-Regular.otf */,
				AC0FD677243BCF1500354547 /* NewYorkSmall-Regular.otf */,
			);
			path = fonts;
			sourceTree = "<group>";
		};
		AC614805243BC59B003223BA = {
			isa = PBXGroup;
			children = (
				AC614810243BC59B003223BA /* WOWS_TipCalculator */,
				AC61480F243BC59B003223BA /* Products */,
			);
			sourceTree = "<group>";
		};
		AC61480F243BC59B003223BA /* Products */ = {
			isa = PBXGroup;
			children = (
				AC61480E243BC59B003223BA /* WOWS_TipCalculator.app */,
			);
			name = Products;
			sourceTree = "<group>";
		};
		AC614810243BC59B003223BA /* WOWS_TipCalculator */ = {
			isa = PBXGroup;
			children = (
				AC614828243BC7C6003223BA /* Design */,
				AC614827243BC7BD003223BA /* Controllers */,
				AC614826243BC7B3003223BA /* Storyboard */,
				AC614825243BC5D3003223BA /* Resources */,
			);
			path = WOWS_TipCalculator;
			sourceTree = "<group>";
		};
		AC614825243BC5D3003223BA /* Resources */ = {
			isa = PBXGroup;
			children = (
				AC0FD676243BCCF800354547 /* fonts */,
				AC614811243BC59B003223BA /* AppDelegate.swift */,
				AC614813243BC59B003223BA /* SceneDelegate.swift */,
				AC61481A243BC59E003223BA /* Assets.xcassets */,
				AC61481C243BC59E003223BA /* LaunchScreen.storyboard */,
				AC61481F243BC59E003223BA /* Info.plist */,
			);
			path = Resources;
			sourceTree = "<group>";
		};
		AC614826243BC7B3003223BA /* Storyboard */ = {
			isa = PBXGroup;
			children = (
				AC614817243BC59B003223BA /* Main.storyboard */,
			);
			path = Storyboard;
			sourceTree = "<group>";
		};
		AC614827243BC7BD003223BA /* Controllers */ = {
			isa = PBXGroup;
			children = (
				AC614815243BC59B003223BA /* ViewController.swift */,
			);
			path = Controllers;
			sourceTree = "<group>";
		};
		AC614828243BC7C6003223BA /* Design */ = {
			isa = PBXGroup;
			children = (
				AC614829243BC7DE003223BA /* StyleGuide.swift */,
				AC61482B243BC83E003223BA /* Colors.xcassets */,
			);
			path = Design;
			sourceTree = "<group>";
		};
/* End PBXGroup section */

/* Begin PBXNativeTarget section */
		AC61480D243BC59B003223BA /* WOWS_TipCalculator */ = {
			isa = PBXNativeTarget;
			buildConfigurationList = AC614822243BC59E003223BA /* Build configuration list for PBXNativeTarget "WOWS_TipCalculator" */;
			buildPhases = (
				AC61480A243BC59B003223BA /* Sources */,
				AC61480B243BC59B003223BA /* Frameworks */,
				AC61480C243BC59B003223BA /* Resources */,
			);
			buildRules = (
			);
			dependencies = (
			);
			name = WOWS_TipCalculator;
			productName = WOWS_TipCalculator;
			productReference = AC61480E243BC59B003223BA /* WOWS_TipCalculator.app */;
			productType = "com.apple.product-type.application";
		};
/* End PBXNativeTarget section */

/* Begin PBXProject section */
		AC614806243BC59B003223BA /* Project object */ = {
			isa = PBXProject;
			attributes = {
				LastSwiftUpdateCheck = 1140;
				LastUpgradeCheck = 1140;
				ORGANIZATIONNAME = "Theo Vora";
				TargetAttributes = {
					AC61480D243BC59B003223BA = {
						CreatedOnToolsVersion = 11.4;
					};
				};
			};
			buildConfigurationList = AC614809243BC59B003223BA /* Build configuration list for PBXProject "WOWS_TipCalculator" */;
			compatibilityVersion = "Xcode 9.3";
			developmentRegion = en;
			hasScannedForEncodings = 0;
			knownRegions = (
				en,
				Base,
			);
			mainGroup = AC614805243BC59B003223BA;
			productRefGroup = AC61480F243BC59B003223BA /* Products */;
			projectDirPath = "";
			projectRoot = "";
			targets = (
				AC61480D243BC59B003223BA /* WOWS_TipCalculator */,
			);
		};
/* End PBXProject section */

/* Begin PBXResourcesBuildPhase section */
		AC61480C243BC59B003223BA /* Resources */ = {
			isa = PBXResourcesBuildPhase;
			buildActionMask = 2147483647;
			files = (
				AC61481E243BC59E003223BA /* LaunchScreen.storyboard in Resources */,
				AC0FD67C243BCF1500354547 /* NewYorkMedium-Regular.otf in Resources */,
				AC0FD67B243BCF1500354547 /* NewYorkExtraLarge-Regular.otf in Resources */,
				AC61482C243BC83E003223BA /* Colors.xcassets in Resources */,
				AC61481B243BC59E003223BA /* Assets.xcassets in Resources */,
				AC614819243BC59B003223BA /* Main.storyboard in Resources */,
				AC0FD67A243BCF1500354547 /* NewYorkSmall-Regular.otf in Resources */,
			);
			runOnlyForDeploymentPostprocessing = 0;
		};
/* End PBXResourcesBuildPhase section */

/* Begin PBXSourcesBuildPhase section */
		AC61480A243BC59B003223BA /* Sources */ = {
			isa = PBXSourcesBuildPhase;
			buildActionMask = 2147483647;
			files = (
				AC614816243BC59B003223BA /* ViewController.swift in Sources */,
				AC614812243BC59B003223BA /* AppDelegate.swift in Sources */,
				AC61482A243BC7DE003223BA /* StyleGuide.swift in Sources */,
				AC614814243BC59B003223BA /* SceneDelegate.swift in Sources */,
			);
			runOnlyForDeploymentPostprocessing = 0;
		};
/* End PBXSourcesBuildPhase section */

/* Begin PBXVariantGroup section */
		AC614817243BC59B003223BA /* Main.storyboard */ = {
			isa = PBXVariantGroup;
			children = (
				AC614818243BC59B003223BA /* Base */,
			);
			name = Main.storyboard;
			sourceTree = "<group>";
		};
		AC61481C243BC59E003223BA /* LaunchScreen.storyboard */ = {
			isa = PBXVariantGroup;
			children = (
				AC61481D243BC59E003223BA /* Base */,
			);
			name = LaunchScreen.storyboard;
			sourceTree = "<group>";
		};
/* End PBXVariantGroup section */

/* Begin XCBuildConfiguration section */
		AC614820243BC59E003223BA /* Debug */ = {
			isa = XCBuildConfiguration;
			buildSettings = {
				ALWAYS_SEARCH_USER_PATHS = NO;
				CLANG_ANALYZER_NONNULL = YES;
				CLANG_ANALYZER_NUMBER_OBJECT_CONVERSION = YES_AGGRESSIVE;
				CLANG_CXX_LANGUAGE_STANDARD = "gnu++14";
				CLANG_CXX_LIBRARY = "libc++";
				CLANG_ENABLE_MODULES = YES;
				CLANG_ENABLE_OBJC_ARC = YES;
				CLANG_ENABLE_OBJC_WEAK = YES;
				CLANG_WARN_BLOCK_CAPTURE_AUTORELEASING = YES;
				CLANG_WARN_BOOL_CONVERSION = YES;
				CLANG_WARN_COMMA = YES;
				CLANG_WARN_CONSTANT_CONVERSION = YES;
				CLANG_WARN_DEPRECATED_OBJC_IMPLEMENTATIONS = YES;
				CLANG_WARN_DIRECT_OBJC_ISA_USAGE = YES_ERROR;
				CLANG_WARN_DOCUMENTATION_COMMENTS = YES;
				CLANG_WARN_EMPTY_BODY = YES;
				CLANG_WARN_ENUM_CONVERSION = YES;
				CLANG_WARN_INFINITE_RECURSION = YES;
				CLANG_WARN_INT_CONVERSION = YES;
				CLANG_WARN_NON_LITERAL_NULL_CONVERSION = YES;
				CLANG_WARN_OBJC_IMPLICIT_RETAIN_SELF = YES;
				CLANG_WARN_OBJC_LITERAL_CONVERSION = YES;
				CLANG_WARN_OBJC_ROOT_CLASS = YES_ERROR;
				CLANG_WARN_RANGE_LOOP_ANALYSIS = YES;
				CLANG_WARN_STRICT_PROTOTYPES = YES;
				CLANG_WARN_SUSPICIOUS_MOVE = YES;
				CLANG_WARN_UNGUARDED_AVAILABILITY = YES_AGGRESSIVE;
				CLANG_WARN_UNREACHABLE_CODE = YES;
				CLANG_WARN__DUPLICATE_METHOD_MATCH = YES;
				COPY_PHASE_STRIP = NO;
				DEBUG_INFORMATION_FORMAT = dwarf;
				ENABLE_STRICT_OBJC_MSGSEND = YES;
				ENABLE_TESTABILITY = YES;
				GCC_C_LANGUAGE_STANDARD = gnu11;
				GCC_DYNAMIC_NO_PIC = NO;
				GCC_NO_COMMON_BLOCKS = YES;
				GCC_OPTIMIZATION_LEVEL = 0;
				GCC_PREPROCESSOR_DEFINITIONS = (
					"DEBUG=1",
					"$(inherited)",
				);
				GCC_WARN_64_TO_32_BIT_CONVERSION = YES;
				GCC_WARN_ABOUT_RETURN_TYPE = YES_ERROR;
				GCC_WARN_UNDECLARED_SELECTOR = YES;
				GCC_WARN_UNINITIALIZED_AUTOS = YES_AGGRESSIVE;
				GCC_WARN_UNUSED_FUNCTION = YES;
				GCC_WARN_UNUSED_VARIABLE = YES;
				IPHONEOS_DEPLOYMENT_TARGET = 13.4;
				MTL_ENABLE_DEBUG_INFO = INCLUDE_SOURCE;
				MTL_FAST_MATH = YES;
				ONLY_ACTIVE_ARCH = YES;
				SDKROOT = iphoneos;
				SWIFT_ACTIVE_COMPILATION_CONDITIONS = DEBUG;
				SWIFT_OPTIMIZATION_LEVEL = "-Onone";
			};
			name = Debug;
		};
		AC614821243BC59E003223BA /* Release */ = {
			isa = XCBuildConfiguration;
			buildSettings = {
				ALWAYS_SEARCH_USER_PATHS = NO;
				CLANG_ANALYZER_NONNULL = YES;
				CLANG_ANALYZER_NUMBER_OBJECT_CONVERSION = YES_AGGRESSIVE;
				CLANG_CXX_LANGUAGE_STANDARD = "gnu++14";
				CLANG_CXX_LIBRARY = "libc++";
				CLANG_ENABLE_MODULES = YES;
				CLANG_ENABLE_OBJC_ARC = YES;
				CLANG_ENABLE_OBJC_WEAK = YES;
				CLANG_WARN_BLOCK_CAPTURE_AUTORELEASING = YES;
				CLANG_WARN_BOOL_CONVERSION = YES;
				CLANG_WARN_COMMA = YES;
				CLANG_WARN_CONSTANT_CONVERSION = YES;
				CLANG_WARN_DEPRECATED_OBJC_IMPLEMENTATIONS = YES;
				CLANG_WARN_DIRECT_OBJC_ISA_USAGE = YES_ERROR;
				CLANG_WARN_DOCUMENTATION_COMMENTS = YES;
				CLANG_WARN_EMPTY_BODY = YES;
				CLANG_WARN_ENUM_CONVERSION = YES;
				CLANG_WARN_INFINITE_RECURSION = YES;
				CLANG_WARN_INT_CONVERSION = YES;
				CLANG_WARN_NON_LITERAL_NULL_CONVERSION = YES;
				CLANG_WARN_OBJC_IMPLICIT_RETAIN_SELF = YES;
				CLANG_WARN_OBJC_LITERAL_CONVERSION = YES;
				CLANG_WARN_OBJC_ROOT_CLASS = YES_ERROR;
				CLANG_WARN_RANGE_LOOP_ANALYSIS = YES;
				CLANG_WARN_STRICT_PROTOTYPES = YES;
				CLANG_WARN_SUSPICIOUS_MOVE = YES;
				CLANG_WARN_UNGUARDED_AVAILABILITY = YES_AGGRESSIVE;
				CLANG_WARN_UNREACHABLE_CODE = YES;
				CLANG_WARN__DUPLICATE_METHOD_MATCH = YES;
				COPY_PHASE_STRIP = NO;
				DEBUG_INFORMATION_FORMAT = "dwarf-with-dsym";
				ENABLE_NS_ASSERTIONS = NO;
				ENABLE_STRICT_OBJC_MSGSEND = YES;
				GCC_C_LANGUAGE_STANDARD = gnu11;
				GCC_NO_COMMON_BLOCKS = YES;
				GCC_WARN_64_TO_32_BIT_CONVERSION = YES;
				GCC_WARN_ABOUT_RETURN_TYPE = YES_ERROR;
				GCC_WARN_UNDECLARED_SELECTOR = YES;
				GCC_WARN_UNINITIALIZED_AUTOS = YES_AGGRESSIVE;
				GCC_WARN_UNUSED_FUNCTION = YES;
				GCC_WARN_UNUSED_VARIABLE = YES;
				IPHONEOS_DEPLOYMENT_TARGET = 13.4;
				MTL_ENABLE_DEBUG_INFO = NO;
				MTL_FAST_MATH = YES;
				SDKROOT = iphoneos;
				SWIFT_COMPILATION_MODE = wholemodule;
				SWIFT_OPTIMIZATION_LEVEL = "-O";
				VALIDATE_PRODUCT = YES;
			};
			name = Release;
		};
		AC614823243BC59E003223BA /* Debug */ = {
			isa = XCBuildConfiguration;
			buildSettings = {
				ASSETCATALOG_COMPILER_APPICON_NAME = AppIcon;
				CODE_SIGN_STYLE = Automatic;
				DEVELOPMENT_TEAM = B76C7733HZ;
				INFOPLIST_FILE = WOWS_TipCalculator/Resources/Info.plist;
				LD_RUNPATH_SEARCH_PATHS = (
					"$(inherited)",
					"@executable_path/Frameworks",
				);
				PRODUCT_BUNDLE_IDENTIFIER = "com.poundsand.WOWS-TipCalculator";
				PRODUCT_NAME = "$(TARGET_NAME)";
				SWIFT_VERSION = 5.0;
				TARGETED_DEVICE_FAMILY = "1,2";
			};
			name = Debug;
		};
		AC614824243BC59E003223BA /* Release */ = {
			isa = XCBuildConfiguration;
			buildSettings = {
				ASSETCATALOG_COMPILER_APPICON_NAME = AppIcon;
				CODE_SIGN_STYLE = Automatic;
				DEVELOPMENT_TEAM = B76C7733HZ;
				INFOPLIST_FILE = WOWS_TipCalculator/Resources/Info.plist;
				LD_RUNPATH_SEARCH_PATHS = (
					"$(inherited)",
					"@executable_path/Frameworks",
				);
				PRODUCT_BUNDLE_IDENTIFIER = "com.poundsand.WOWS-TipCalculator";
				PRODUCT_NAME = "$(TARGET_NAME)";
				SWIFT_VERSION = 5.0;
				TARGETED_DEVICE_FAMILY = "1,2";
			};
			name = Release;
		};
/* End XCBuildConfiguration section */

/* Begin XCConfigurationList section */
		AC614809243BC59B003223BA /* Build configuration list for PBXProject "WOWS_TipCalculator" */ = {
			isa = XCConfigurationList;
			buildConfigurations = (
				AC614820243BC59E003223BA /* Debug */,
				AC614821243BC59E003223BA /* Release */,
			);
			defaultConfigurationIsVisible = 0;
			defaultConfigurationName = Release;
		};
		AC614822243BC59E003223BA /* Build configuration list for PBXNativeTarget "WOWS_TipCalculator" */ = {
			isa = XCConfigurationList;
			buildConfigurations = (
				AC614823243BC59E003223BA /* Debug */,
				AC614824243BC59E003223BA /* Release */,
			);
			defaultConfigurationIsVisible = 0;
			defaultConfigurationName = Release;
		};
/* End XCConfigurationList section */
	};
	rootObject = AC614806243BC59B003223BA /* Project object */;
}
